
Microsoft Visual Studio Solution File, Format Version 12.00
# Visual Studio Version 17
VisualStudioVersion = 17.14.36915.13
MinimumVisualStudioVersion = 10.0.40219.1
Project("{FAE04EC0-301F-11D3-BF4B-00C04F79EFBC}") = "Movies.Api", "Movies.Api\Movies.Api.csproj", "{334417F8-DDE6-4E63-8454-D177C6F76BB1}"
EndProject
Project("{FAE04EC0-301F-11D3-BF4B-00C04F79EFBC}") = "Movies.WebForms", "Movies.Webforms\Movies.WebForms.csproj", "{76E5A345-04A6-4829-BF3B-92C63089E1DA}"
EndProject
Global
	GlobalSection(SolutionConfigurationPlatforms) = preSolution
		Debug|Any CPU = Debug|Any CPU
		Release|Any CPU = Release|Any CPU
	EndGlobalSection
	GlobalSection(ProjectConfigurationPlatforms) = postSolution
		{334417F8-DDE6-4E63-8454-D177C6F76BB1}.Debug|Any CPU.ActiveCfg = Debug|Any CPU
		{334417F8-DDE6-4E63-8454-D177C6F76BB1}.Debug|Any CPU.Build.0 = Debug|Any CPU
		{334417F8-DDE6-4E63-8454-D177C6F76BB1}.Release|Any CPU.ActiveCfg = Release|Any CPU
		{334417F8-DDE6-4E63-8454-D177C6F76BB1}.Release|Any CPU.Build.0 = Release|Any CPU
		{76E5A345-04A6-4829-BF3B-92C63089E1DA}.Debug|Any CPU.ActiveCfg = Debug|Any CPU
		{76E5A345-04A6-4829-BF3B-92C63089E1DA}.Debug|Any CPU.Build.0 = Debug|Any CPU
		{76E5A345-04A6-4829-BF3B-92C63089E1DA}.Release|Any CPU.ActiveCfg = Release|Any CPU
		{76E5A345-04A6-4829-BF3B-92C63089E1DA}.Release|Any CPU.Build.0 = Release|Any CPU
	EndGlobalSection
	GlobalSection(SolutionProperties) = preSolution
		HideSolutionNode = FALSE
	EndGlobalSection
	GlobalSection(ExtensibilityGlobals) = postSolution
		SolutionGuid = {183AB945-F479-4C8F-90FB-B1BE91A55BE5}
	EndGlobalSection
EndGlobal
